# THIS IS AN AUTOGENERATED FILE. DO NOT EDIT THIS FILE DIRECTLY.
# yarn lockfile v1


"@inquirer/ansi@^2.0.2":
  version "2.0.2"
  resolved "https://registry.yarnpkg.com/@inquirer/ansi/-/ansi-2.0.2.tgz#c06d511455f12b0ac22d090135008c1b0cc5eb37"
  integrity sha512-SYLX05PwJVnW+WVegZt1T4Ip1qba1ik+pNJPDiqvk6zS5Y/i8PhRzLpGEtVd7sW0G8cMtkD8t4AZYhQwm8vnww==

"@inquirer/checkbox@^5.0.3":
  version "5.0.3"
  resolved "https://registry.yarnpkg.com/@inquirer/checkbox/-/checkbox-5.0.3.tgz#5a7de280059b235f08db41877a463e619672e146"
  integrity sha512-xtQP2eXMFlOcAhZ4ReKP2KZvDIBb1AnCfZ81wWXG3DXLVH0f0g4obE0XDPH+ukAEMRcZT0kdX2AS1jrWGXbpxw==
  dependencies:
    "@inquirer/ansi" "^2.0.2"
    "@inquirer/core" "^11.1.0"
    "@inquirer/figures" "^2.0.2"
    "@inquirer/type" "^4.0.2"

"@inquirer/confirm@^6.0.3":
  version "6.0.3"
  resolved "https://registry.yarnpkg.com/@inquirer/confirm/-/confirm-6.0.3.tgz#1636ee1b7364dc15a5eb369db4a83a37f9a0732a"
  integrity sha512-lyEvibDFL+NA5R4xl8FUmNhmu81B+LDL9L/MpKkZlQDJZXzG8InxiqYxiAlQYa9cqLLhYqKLQwZqXmSTqCLjyw==
  dependencies:
    "@inquirer/core" "^11.1.0"
    "@inquirer/type" "^4.0.2"

"@inquirer/core@^11.1.0":
  version "11.1.0"
  resolved "https://registry.yarnpkg.com/@inquirer/core/-/core-11.1.0.tgz#b2e17d4e44baa6f2057310529a9b3852fc828860"
  integrity sha512-+jD/34T1pK8M5QmZD/ENhOfXdl9Zr+BrQAUc5h2anWgi7gggRq15ZbiBeLoObj0TLbdgW7TAIQRU2boMc9uOKQ==
  dependencies:
    "@inquirer/ansi" "^2.0.2"
    "@inquirer/figures" "^2.0.2"
    "@inquirer/type" "^4.0.2"
    cli-width "^4.1.0"
    mute-stream "^3.0.0"
    signal-exit "^4.1.0"
    wrap-ansi "^9.0.2"

"@inquirer/editor@^5.0.3":
  version "5.0.3"
  resolved "https://registry.yarnpkg.com/@inquirer/editor/-/editor-5.0.3.tgz#570f7bd6f32cd2b0f6172bc9387eb913fcf40cfd"
  integrity sha512-wYyQo96TsAqIciP/r5D3cFeV8h4WqKQ/YOvTg5yOfP2sqEbVVpbxPpfV3LM5D0EP4zUI3EZVHyIUIllnoIa8OQ==
  dependencies:
    "@inquirer/core" "^11.1.0"
    "@inquirer/external-editor" "^2.0.2"
    "@inquirer/type" "^4.0.2"

"@inquirer/expand@^5.0.3":
  version "5.0.3"
  resolved "https://registry.yarnpkg.com/@inquirer/expand/-/expand-5.0.3.tgz#1ed7d2994b415610dfaf8ae5a390f5b097d852ea"
  integrity sha512-2oINvuL27ujjxd95f6K2K909uZOU2x1WiAl7Wb1X/xOtL8CgQ1kSxzykIr7u4xTkXkXOAkCuF45T588/YKee7w==
  dependencies:
    "@inquirer/core" "^11.1.0"
    "@inquirer/type" "^4.0.2"

"@inquirer/external-editor@^2.0.2":
  version "2.0.2"
  resolved "https://registry.yarnpkg.com/@inquirer/external-editor/-/external-editor-2.0.2.tgz#62e51bf0b7e40fa6275f20dcec4deafb8c558c88"
  integrity sha512-X/fMXK7vXomRWEex1j8mnj7s1mpnTeP4CO/h2gysJhHLT2WjBnLv4ZQEGpm/kcYI8QfLZ2fgW+9kTKD+jeopLg==
  dependencies:
    chardet "^2.1.1"
    iconv-lite "^0.7.0"

"@inquirer/figures@^2.0.2":
  version "2.0.2"
  resolved "https://registry.yarnpkg.com/@inquirer/figures/-/figures-2.0.2.tgz#81136386671af0c014eb5af0b18080554505ea12"
  integrity sha512-qXm6EVvQx/FmnSrCWCIGtMHwqeLgxABP8XgcaAoywsL0NFga9gD5kfG0gXiv80GjK9Hsoz4pgGwF/+CjygyV9A==

"@inquirer/input@^5.0.3":
  version "5.0.3"
  resolved "https://registry.yarnpkg.com/@inquirer/input/-/input-5.0.3.tgz#37f5a73e06dbda3658bdaf3ba5296ab30e3db6fc"
  integrity sha512-4R0TdWl53dtp79Vs6Df2OHAtA2FVNqya1hND1f5wjHWxZJxwDMSNB1X5ADZJSsQKYAJ5JHCTO+GpJZ42mK0Otw==
  dependencies:
    "@inquirer/core" "^11.1.0"
    "@inquirer/type" "^4.0.2"

"@inquirer/number@^4.0.3":
  version "4.0.3"
  resolved "https://registry.yarnpkg.com/@inquirer/number/-/number-4.0.3.tgz#30ddef1e65d1830f211687d59e5e9240ef5c6fa0"
  integrity sha512-TjQLe93GGo5snRlu83JxE38ZPqj5ZVggL+QqqAF2oBA5JOJoxx25GG3EGH/XN/Os5WOmKfO8iLVdCXQxXRZIMQ==
  dependencies:
    "@inquirer/core" "^11.1.0"
    "@inquirer/type" "^4.0.2"

"@inquirer/password@^5.0.3":
  version "5.0.3"
  resolved "https://registry.yarnpkg.com/@inquirer/password/-/password-5.0.3.tgz#078fa035cac1687ca71d580ed076fa993a779b70"
  integrity sha512-rCozGbUMAHedTeYWEN8sgZH4lRCdgG/WinFkit6ZPsp8JaNg2T0g3QslPBS5XbpORyKP/I+xyBO81kFEvhBmjA==
  dependencies:
    "@inquirer/ansi" "^2.0.2"
    "@inquirer/core" "^11.1.0"
    "@inquirer/type" "^4.0.2"

"@inquirer/prompts@^8.1.0":
  version "8.1.0"
  resolved "https://registry.yarnpkg.com/@inquirer/prompts/-/prompts-8.1.0.tgz#ad140b4db9e23f13c07a2f14578807dba0e36522"
  integrity sha512-LsZMdKcmRNF5LyTRuZE5nWeOjganzmN3zwbtNfcs6GPh3I2TsTtF1UYZlbxVfhxd+EuUqLGs/Lm3Xt4v6Az1wA==
  dependencies:
    "@inquirer/checkbox" "^5.0.3"
    "@inquirer/confirm" "^6.0.3"
    "@inquirer/editor" "^5.0.3"
    "@inquirer/expand" "^5.0.3"
    "@inquirer/input" "^5.0.3"
    "@inquirer/number" "^4.0.3"
    "@inquirer/password" "^5.0.3"
    "@inquirer/rawlist" "^5.1.0"
    "@inquirer/search" "^4.0.3"
    "@inquirer/select" "^5.0.3"

"@inquirer/rawlist@^5.1.0":
  version "5.1.0"
  resolved "https://registry.yarnpkg.com/@inquirer/rawlist/-/rawlist-5.1.0.tgz#e374da2715267fbbd27769579212964b47049fdf"
  integrity sha512-yUCuVh0jW026Gr2tZlG3kHignxcrLKDR3KBp+eUgNz+BAdSeZk0e18yt2gyBr+giYhj/WSIHCmPDOgp1mT2niQ==
  dependencies:
    "@inquirer/core" "^11.1.0"
    "@inquirer/type" "^4.0.2"

"@inquirer/search@^4.0.3":
  version "4.0.3"
  resolved "https://registry.yarnpkg.com/@inquirer/search/-/search-4.0.3.tgz#c4a62b328cb0345d11c8e353fa63b1c59fdbd833"
  integrity sha512-lzqVw0YwuKYetk5VwJ81Ba+dyVlhseHPx9YnRKQgwXdFS0kEavCz2gngnNhnMIxg8+j1N/rUl1t5s1npwa7bqg==
  dependencies:
    "@inquirer/core" "^11.1.0"
    "@inquirer/figures" "^2.0.2"
    "@inquirer/type" "^4.0.2"

"@inquirer/select@^5.0.3":
  version "5.0.3"
  resolved "https://registry.yarnpkg.com/@inquirer/select/-/select-5.0.3.tgz#6d3529f9bf2d42a7d4de7f5918a5c0b6b0d6ccb0"
  integrity sha512-M+ynbwS0ecQFDYMFrQrybA0qL8DV0snpc4kKevCCNaTpfghsRowRY7SlQBeIYNzHqXtiiz4RG9vTOeb/udew7w==
  dependencies:
    "@inquirer/ansi" "^2.0.2"
    "@inquirer/core" "^11.1.0"
    "@inquirer/figures" "^2.0.2"
    "@inquirer/type" "^4.0.2"

"@inquirer/type@^4.0.2":
  version "4.0.2"
  resolved "https://registry.yarnpkg.com/@inquirer/type/-/type-4.0.2.tgz#e494f1b6c29f6f57a88dd00ef26e99eebebec42a"
  integrity sha512-cae7mzluplsjSdgFA6ACLygb5jC8alO0UUnFPyu0E7tNRPrL+q/f8VcSXp+cjZQ7l5CMpDpi2G1+IQvkOiL1Lw==

ansi-regex@^6.0.1:
  version "6.2.2"
  resolved "https://registry.yarnpkg.com/ansi-regex/-/ansi-regex-6.2.2.tgz#60216eea464d864597ce2832000738a0589650c1"
  integrity sha512-Bq3SmSpyFHaWjPk8If9yc6svM8c56dB5BAtW4Qbw5jHTwwXXcTLoRMkpDJp6VL0XzlWaCHTXrkFURMYmD0sLqg==

ansi-styles@^6.2.1:
  version "6.2.3"
  resolved "https://registry.yarnpkg.com/ansi-styles/-/ansi-styles-6.2.3.tgz#c044d5dcc521a076413472597a1acb1f103c4041"
  integrity sha512-4Dj6M28JB+oAH8kFkTLUo+a2jwOFkuqb3yucU0CANcRRUbxS0cP0nZYCGjcc3BNXwRIsUVmDGgzawme7zvJHvg==

chardet@^2.1.1:
  version "2.1.1"
  resolved "https://registry.yarnpkg.com/chardet/-/chardet-2.1.1.tgz#5c75593704a642f71ee53717df234031e65373c8"
  integrity sha512-PsezH1rqdV9VvyNhxxOW32/d75r01NY7TQCmOqomRo15ZSOKbpTFVsfjghxo6JloQUCGnH4k1LGu0R4yCLlWQQ==

cli-width@^4.1.0:
  version "4.1.0"
  resolved "https://registry.yarnpkg.com/cli-width/-/cli-width-4.1.0.tgz#42daac41d3c254ef38ad8ac037672130173691c5"
  integrity sha512-ouuZd4/dm2Sw5Gmqy6bGyNNNe1qt9RpmxveLSO7KcgsTnU7RXfsw+/bukWGo1abgBiMAic068rclZsO4IWmmxQ==

commander@^14.0.1:
  version "14.0.1"
  resolved "https://registry.yarnpkg.com/commander/-/commander-14.0.1.tgz#2f9225c19e6ebd0dc4404dd45821b2caa17ea09b"
  integrity sha512-2JkV3gUZUVrbNA+1sjBOYLsMZ5cEEl8GTFP2a4AVz5hvasAMCQ1D2l2le/cX+pV4N6ZU17zjUahLpIXRrnWL8A==

emoji-regex@^10.3.0:
  version "10.6.0"
  resolved "https://registry.yarnpkg.com/emoji-regex/-/emoji-regex-10.6.0.tgz#bf3d6e8f7f8fd22a65d9703475bc0147357a6b0d"
  integrity sha512-toUI84YS5YmxW219erniWD0CIVOo46xGKColeNQRgOzDorgBi1v4D71/OFzgD9GO2UGKIv1C3Sp8DAn0+j5w7A==

get-east-asian-width@^1.0.0:
  version "1.4.0"
  resolved "https://registry.yarnpkg.com/get-east-asian-width/-/get-east-asian-width-1.4.0.tgz#9bc4caa131702b4b61729cb7e42735bc550c9ee6"
  integrity sha512-QZjmEOC+IT1uk6Rx0sX22V6uHWVwbdbxf1faPqJ1QhLdGgsRGCZoyaQBm/piRdJy/D2um6hM1UP7ZEeQ4EkP+Q==

iconv-lite@^0.7.0:
  version "0.7.1"
  resolved "https://registry.yarnpkg.com/iconv-lite/-/iconv-lite-0.7.1.tgz#d4af1d2092f2bb05aab6296e5e7cd286d2f15432"
  integrity sha512-2Tth85cXwGFHfvRgZWszZSvdo+0Xsqmw8k8ZwxScfcBneNUraK+dxRxRm24nszx80Y0TVio8kKLt5sLE7ZCLlw==
  dependencies:
    safer-buffer ">= 2.1.2 < 3.0.0"

mute-stream@^3.0.0:
  version "3.0.0"
  resolved "https://registry.yarnpkg.com/mute-stream/-/mute-stream-3.0.0.tgz#cd8014dd2acb72e1e91bb67c74f0019e620ba2d1"
  integrity sha512-dkEJPVvun4FryqBmZ5KhDo0K9iDXAwn08tMLDinNdRBNPcYEDiWYysLcc6k3mjTMlbP9KyylvRpd4wFtwrT9rw==

"safer-buffer@>= 2.1.2 < 3.0.0":
  version "2.1.2"
  resolved "https://registry.yarnpkg.com/safer-buffer/-/safer-buffer-2.1.2.tgz#44fa161b0187b9549dd84bb91802f9bd8385cd6a"
  integrity sha512-YZo3K82SD7Riyi0E1EQPojLz7kpepnSQI9IyPbHHg1XXXevb5dJI7tpyN2ADxGcQbHG7vcyRHk0cbwqcQriUtg==

signal-exit@^4.1.0:
  version "4.1.0"
  resolved "https://registry.yarnpkg.com/signal-exit/-/signal-exit-4.1.0.tgz#952188c1cbd546070e2dd20d0f41c0ae0530cb04"
  integrity sha512-bzyZ1e88w9O1iNJbKnOlvYTrWPDl46O1bG0D3XInv+9tkPrxrN8jUUTiFlDkkmKWgn1M6CfIA13SuGqOa9Korw==

string-width@^7.0.0:
  version "7.2.0"
  resolved "https://registry.yarnpkg.com/string-width/-/string-width-7.2.0.tgz#b5bb8e2165ce275d4d43476dd2700ad9091db6dc"
  integrity sha512-tsaTIkKW9b4N+AEj+SVA+WhJzV7/zMhcSu78mLKWSk7cXMOSHsBKFWUs0fWwq8QyK3MgJBQRX6Gbi4kYbdvGkQ==
  dependencies:
    emoji-regex "^10.3.0"
    get-east-asian-width "^1.0.0"
    strip-ansi "^7.1.0"

strip-ansi@^7.1.0:
  version "7.1.2"
  resolved "https://registry.yarnpkg.com/strip-ansi/-/strip-ansi-7.1.2.tgz#132875abde678c7ea8d691533f2e7e22bb744dba"
  integrity sha512-gmBGslpoQJtgnMAvOVqGZpEz9dyoKTCzy2nfz/n8aIFhN/jCE/rCmcxabB6jOOHV+0WNnylOxaxBQPSvcWklhA==
  dependencies:
    ansi-regex "^6.0.1"

wrap-ansi@^9.0.2:
  version "9.0.2"
  resolved "https://registry.yarnpkg.com/wrap-ansi/-/wrap-ansi-9.0.2.tgz#956832dea9494306e6d209eb871643bb873d7c98"
  integrity sha512-42AtmgqjV+X1VpdOfyTGOYRi0/zsoLqtXQckTmqTeybT+BDIbM/Guxo7x3pE2vtpr1ok6xRqM9OpBe+Jyoqyww==
  dependencies:
    ansi-styles "^6.2.1"
    string-width "^7.0.0"
    strip-ansi "^7.1.0"
